sdk: ^2.0.0-alpha.144
prefixes:
  gnss_location: toit-gnss-location
  location: toit-location
  ublox_gnss: ..
  ubx_message: ubx-message
packages:
  ..:
    path: ..
    prefixes:
      gnss_location: toit-gnss-location
      location: toit-location
      ubx_message: ubx-message
  toit-gnss-location:
    url: github.com/toitware/toit-gnss-location
    name: gnss_location
    version: 1.1.0
    hash: 24c37267ac06e05a13552ff9911b6916f51f74ce
    prefixes:
      location: toit-location
  toit-location:
    url: github.com/toitware/toit-location
    name: location
    version: 1.1.0
    hash: bf2c8cbd54d6d7d185948f67240e921c1b0d7d54
  ubx-message:
    url: github.com/toitware/ubx-message
    name: ubx-message
    version: 2.2.0
    hash: cd86704a1553485c32a1a09327b7f7ba6c887dba
