prefixes:
  gnss_location: toit-gnss-location
  location: toit-location
  ublox_gnss: ..
  ubx_message: ubx-message
packages:
  ..:
    path: ..
    prefixes:
      gnss_location: toit-gnss-location
      location: toit-location
      ubx_message: ubx-message
  toit-gnss-location:
    url: github.com/toitware/toit-gnss-location
    version: 1.0.0
    prefixes:
      location: toit-location
  toit-location:
    url: github.com/toitware/toit-location
    version: 1.0.0
  ubx-message:
    url: github.com/toitware/ubx-message
    version: 2.1.0
