prefixes:
  ublox_gnss: ..
  ubx-message: ubx-message
packages:
  ..:
    path: ..
    prefixes:
      gnss_location: toit-gnss-location
      location: toit-location
      ubx-message: ubx-message
  toit-gnss-location:
    url: github.com/toitware/toit-gnss-location
    name: gnss_location
    version: 1.1.0
    hash: 24c37267ac06e05a13552ff9911b6916f51f74ce
    prefixes:
      location: toit-location
  toit-location:
    url: github.com/toitware/toit-location
    name: location
    version: 1.2.1
    hash: 4b82655456045e46b0e730581615ec8e6d287f1d
  ubx-message:
    path: ../../ubx-message
